PODS:
  - ReactiveCocoa (2.5):
    - ReactiveCocoa/UI (= 2.5)
  - ReactiveCocoa/Core (2.5):
    - ReactiveCocoa/no-arc
  - ReactiveCocoa/no-arc (2.5)
  - ReactiveCocoa/UI (2.5):
    - ReactiveCocoa/Core
  - Realm (1.0.2):
    - Realm/Headers (= 1.0.2)
  - Realm/Headers (1.0.2)

DEPENDENCIES:
  - ReactiveCocoa (~> 2.5)
  - Realm

SPEC CHECKSUMS:
  ReactiveCocoa: e2db045570aa97c695e7aa97c2bcab222ae51f4a
  Realm: 9d5c46a4d7d27958530a8dfc58f63a99e5c2cba3

PODFILE CHECKSUM: b907e543c752b0b633ca1fe70741d178fc2870b5

COCOAPODS: 1.0.1
